// !$*UTF8*$!
{
	archiveVersion = 1;
	classes = {
	};
	objectVersion = 56;
	objects = {

/* Begin PBXBuildFile section */
		CC007E6A2A3EFC07002B131F /* MaleAvatarViewController.swift in Sources */ = {isa = PBXBuildFile; fileRef = CC007E692A3EFC07002B131F /* MaleAvatarViewController.swift */; };
		CC007E6C2A3EFC19002B131F /* MaleAvatarStoryboard.storyboard in Resources */ = {isa = PBXBuildFile; fileRef = CC007E6B2A3EFC19002B131F /* MaleAvatarStoryboard.storyboard */; };
		CC007E6E2A3F00A7002B131F /* NavigtionLogic.swift in Sources */ = {isa = PBXBuildFile; fileRef = CC007E6D2A3F00A7002B131F /* NavigtionLogic.swift */; };
		CC5DBB542A3DFDE000B512F3 /* AppDelegate.swift in Sources */ = {isa = PBXBuildFile; fileRef = CC5DBB532A3DFDE000B512F3 /* AppDelegate.swift */; };
		CC5DBB562A3DFDE000B512F3 /* SceneDelegate.swift in Sources */ = {isa = PBXBuildFile; fileRef = CC5DBB552A3DFDE000B512F3 /* SceneDelegate.swift */; };
		CC5DBB582A3DFDE000B512F3 /* HomeViewController.swift in Sources */ = {isa = PBXBuildFile; fileRef = CC5DBB572A3DFDE000B512F3 /* HomeViewController.swift */; };
		CC5DBB5B2A3DFDE000B512F3 /* Home.storyboard in Resources */ = {isa = PBXBuildFile; fileRef = CC5DBB592A3DFDE000B512F3 /* Home.storyboard */; };
		CC5DBB5D2A3DFDE100B512F3 /* Assets.xcassets in Resources */ = {isa = PBXBuildFile; fileRef = CC5DBB5C2A3DFDE100B512F3 /* Assets.xcassets */; };
		CC5DBB602A3DFDE100B512F3 /* LaunchScreen.storyboard in Resources */ = {isa = PBXBuildFile; fileRef = CC5DBB5E2A3DFDE100B512F3 /* LaunchScreen.storyboard */; };
		CC5DBB682A3E01B500B512F3 /* UIVariables.swift in Sources */ = {isa = PBXBuildFile; fileRef = CC5DBB672A3E01B500B512F3 /* UIVariables.swift */; };
		CC5DBB6A2A3E049E00B512F3 /* CustomizeStoryboard.storyboard in Resources */ = {isa = PBXBuildFile; fileRef = CC5DBB692A3E049E00B512F3 /* CustomizeStoryboard.storyboard */; };
		CC5DBB6C2A3E04B500B512F3 /* CustomizeViewController.swift in Sources */ = {isa = PBXBuildFile; fileRef = CC5DBB6B2A3E04B500B512F3 /* CustomizeViewController.swift */; };
		CC5DBB6E2A3EDAF400B512F3 /* GenderStoryboard.storyboard in Resources */ = {isa = PBXBuildFile; fileRef = CC5DBB6D2A3EDAF400B512F3 /* GenderStoryboard.storyboard */; };
		CC5DBB702A3EDB1100B512F3 /* GenderViewController.swift in Sources */ = {isa = PBXBuildFile; fileRef = CC5DBB6F2A3EDB1100B512F3 /* GenderViewController.swift */; };
		CC5DBB722A3EEC7B00B512F3 /* MaleNicknameViewController.swift in Sources */ = {isa = PBXBuildFile; fileRef = CC5DBB712A3EEC7B00B512F3 /* MaleNicknameViewController.swift */; };
		CC5DBB742A3EEC8D00B512F3 /* MaleNicknameStoryboard.storyboard in Resources */ = {isa = PBXBuildFile; fileRef = CC5DBB732A3EEC8D00B512F3 /* MaleNicknameStoryboard.storyboard */; };
/* End PBXBuildFile section */

/* Begin PBXFileReference section */
		CC007E692A3EFC07002B131F /* MaleAvatarViewController.swift */ = {isa = PBXFileReference; lastKnownFileType = sourcecode.swift; path = MaleAvatarViewController.swift; sourceTree = "<group>"; };
		CC007E6B2A3EFC19002B131F /* MaleAvatarStoryboard.storyboard */ = {isa = PBXFileReference; lastKnownFileType = file.storyboard; path = MaleAvatarStoryboard.storyboard; sourceTree = "<group>"; };
		CC007E6D2A3F00A7002B131F /* NavigtionLogic.swift */ = {isa = PBXFileReference; lastKnownFileType = sourcecode.swift; path = NavigtionLogic.swift; sourceTree = "<group>"; };
		CC5DBB502A3DFDE000B512F3 /* Nick_Tsaruk_Homework_7.app */ = {isa = PBXFileReference; explicitFileType = wrapper.application; includeInIndex = 0; path = Nick_Tsaruk_Homework_7.app; sourceTree = BUILT_PRODUCTS_DIR; };
		CC5DBB532A3DFDE000B512F3 /* AppDelegate.swift */ = {isa = PBXFileReference; lastKnownFileType = sourcecode.swift; path = AppDelegate.swift; sourceTree = "<group>"; };
		CC5DBB552A3DFDE000B512F3 /* SceneDelegate.swift */ = {isa = PBXFileReference; lastKnownFileType = sourcecode.swift; path = SceneDelegate.swift; sourceTree = "<group>"; };
		CC5DBB572A3DFDE000B512F3 /* HomeViewController.swift */ = {isa = PBXFileReference; lastKnownFileType = sourcecode.swift; path = HomeViewController.swift; sourceTree = "<group>"; };
		CC5DBB5A2A3DFDE000B512F3 /* Base */ = {isa = PBXFileReference; lastKnownFileType = file.storyboard; name = Base; path = Base.lproj/Home.storyboard; sourceTree = "<group>"; };
		CC5DBB5C2A3DFDE100B512F3 /* Assets.xcassets */ = {isa = PBXFileReference; lastKnownFileType = folder.assetcatalog; path = Assets.xcassets; sourceTree = "<group>"; };
		CC5DBB5F2A3DFDE100B512F3 /* Base */ = {isa = PBXFileReference; lastKnownFileType = file.storyboard; name = Base; path = Base.lproj/LaunchScreen.storyboard; sourceTree = "<group>"; };
		CC5DBB612A3DFDE100B512F3 /* Info.plist */ = {isa = PBXFileReference; lastKnownFileType = text.plist.xml; path = Info.plist; sourceTree = "<group>"; };
		CC5DBB672A3E01B500B512F3 /* UIVariables.swift */ = {isa = PBXFileReference; lastKnownFileType = sourcecode.swift; path = UIVariables.swift; sourceTree = "<group>"; };
		CC5DBB692A3E049E00B512F3 /* CustomizeStoryboard.storyboard */ = {isa = PBXFileReference; lastKnownFileType = file.storyboard; path = CustomizeStoryboard.storyboard; sourceTree = "<group>"; };
		CC5DBB6B2A3E04B500B512F3 /* CustomizeViewController.swift */ = {isa = PBXFileReference; lastKnownFileType = sourcecode.swift; path = CustomizeViewController.swift; sourceTree = "<group>"; };
		CC5DBB6D2A3EDAF400B512F3 /* GenderStoryboard.storyboard */ = {isa = PBXFileReference; lastKnownFileType = file.storyboard; path = GenderStoryboard.storyboard; sourceTree = "<group>"; };
		CC5DBB6F2A3EDB1100B512F3 /* GenderViewController.swift */ = {isa = PBXFileReference; lastKnownFileType = sourcecode.swift; path = GenderViewController.swift; sourceTree = "<group>"; };
		CC5DBB712A3EEC7B00B512F3 /* MaleNicknameViewController.swift */ = {isa = PBXFileReference; lastKnownFileType = sourcecode.swift; path = MaleNicknameViewController.swift; sourceTree = "<group>"; };
		CC5DBB732A3EEC8D00B512F3 /* MaleNicknameStoryboard.storyboard */ = {isa = PBXFileReference; lastKnownFileType = file.storyboard; path = MaleNicknameStoryboard.storyboard; sourceTree = "<group>"; };
/* End PBXFileReference section */

/* Begin PBXFrameworksBuildPhase section */
		CC5DBB4D2A3DFDE000B512F3 /* Frameworks */ = {
			isa = PBXFrameworksBuildPhase;
			buildActionMask = 2147483647;
			files = (
			);
			runOnlyForDeploymentPostprocessing = 0;
		};
/* End PBXFrameworksBuildPhase section */

/* Begin PBXGroup section */
		CC5DBB472A3DFDE000B512F3 = {
			isa = PBXGroup;
			children = (
				CC5DBB522A3DFDE000B512F3 /* Nick_Tsaruk_Homework_7 */,
				CC5DBB512A3DFDE000B512F3 /* Products */,
			);
			sourceTree = "<group>";
		};
		CC5DBB512A3DFDE000B512F3 /* Products */ = {
			isa = PBXGroup;
			children = (
				CC5DBB502A3DFDE000B512F3 /* Nick_Tsaruk_Homework_7.app */,
			);
			name = Products;
			sourceTree = "<group>";
		};
		CC5DBB522A3DFDE000B512F3 /* Nick_Tsaruk_Homework_7 */ = {
			isa = PBXGroup;
			children = (
				CC5DBB532A3DFDE000B512F3 /* AppDelegate.swift */,
				CC5DBB552A3DFDE000B512F3 /* SceneDelegate.swift */,
				CC5DBB672A3E01B500B512F3 /* UIVariables.swift */,
				CC5DBB572A3DFDE000B512F3 /* HomeViewController.swift */,
				CC5DBB6B2A3E04B500B512F3 /* CustomizeViewController.swift */,
				CC5DBB6F2A3EDB1100B512F3 /* GenderViewController.swift */,
				CC5DBB712A3EEC7B00B512F3 /* MaleNicknameViewController.swift */,
				CC007E692A3EFC07002B131F /* MaleAvatarViewController.swift */,
				CC5DBB592A3DFDE000B512F3 /* Home.storyboard */,
				CC5DBB692A3E049E00B512F3 /* CustomizeStoryboard.storyboard */,
				CC5DBB6D2A3EDAF400B512F3 /* GenderStoryboard.storyboard */,
				CC5DBB5C2A3DFDE100B512F3 /* Assets.xcassets */,
				CC5DBB5E2A3DFDE100B512F3 /* LaunchScreen.storyboard */,
				CC5DBB612A3DFDE100B512F3 /* Info.plist */,
				CC5DBB732A3EEC8D00B512F3 /* MaleNicknameStoryboard.storyboard */,
				CC007E6B2A3EFC19002B131F /* MaleAvatarStoryboard.storyboard */,
				CC007E6D2A3F00A7002B131F /* NavigtionLogic.swift */,
			);
			path = Nick_Tsaruk_Homework_7;
			sourceTree = "<group>";
		};
/* End PBXGroup section */

/* Begin PBXNativeTarget section */
		CC5DBB4F2A3DFDE000B512F3 /* Nick_Tsaruk_Homework_7 */ = {
			isa = PBXNativeTarget;
			buildConfigurationList = CC5DBB642A3DFDE100B512F3 /* Build configuration list for PBXNativeTarget "Nick_Tsaruk_Homework_7" */;
			buildPhases = (
				CC5DBB4C2A3DFDE000B512F3 /* Sources */,
				CC5DBB4D2A3DFDE000B512F3 /* Frameworks */,
				CC5DBB4E2A3DFDE000B512F3 /* Resources */,
			);
			buildRules = (
			);
			dependencies = (
			);
			name = Nick_Tsaruk_Homework_7;
			productName = Nick_Tsaruk_Homework_7;
			productReference = CC5DBB502A3DFDE000B512F3 /* Nick_Tsaruk_Homework_7.app */;
			productType = "com.apple.product-type.application";
		};
/* End PBXNativeTarget section */

/* Begin PBXProject section */
		CC5DBB482A3DFDE000B512F3 /* Project object */ = {
			isa = PBXProject;
			attributes = {
				BuildIndependentTargetsInParallel = 1;
				LastSwiftUpdateCheck = 1430;
				LastUpgradeCheck = 1430;
				TargetAttributes = {
					CC5DBB4F2A3DFDE000B512F3 = {
						CreatedOnToolsVersion = 14.3;
					};
				};
			};
			buildConfigurationList = CC5DBB4B2A3DFDE000B512F3 /* Build configuration list for PBXProject "Nick_Tsaruk_Homework_7" */;
			compatibilityVersion = "Xcode 14.0";
			developmentRegion = en;
			hasScannedForEncodings = 0;
			knownRegions = (
				en,
				Base,
			);
			mainGroup = CC5DBB472A3DFDE000B512F3;
			productRefGroup = CC5DBB512A3DFDE000B512F3 /* Products */;
			projectDirPath = "";
			projectRoot = "";
			targets = (
				CC5DBB4F2A3DFDE000B512F3 /* Nick_Tsaruk_Homework_7 */,
			);
		};
/* End PBXProject section */

/* Begin PBXResourcesBuildPhase section */
		CC5DBB4E2A3DFDE000B512F3 /* Resources */ = {
			isa = PBXResourcesBuildPhase;
			buildActionMask = 2147483647;
			files = (
				CC5DBB742A3EEC8D00B512F3 /* MaleNicknameStoryboard.storyboard in Resources */,
				CC5DBB6E2A3EDAF400B512F3 /* GenderStoryboard.storyboard in Resources */,
				CC007E6C2A3EFC19002B131F /* MaleAvatarStoryboard.storyboard in Resources */,
				CC5DBB602A3DFDE100B512F3 /* LaunchScreen.storyboard in Resources */,
				CC5DBB6A2A3E049E00B512F3 /* CustomizeStoryboard.storyboard in Resources */,
				CC5DBB5D2A3DFDE100B512F3 /* Assets.xcassets in Resources */,
				CC5DBB5B2A3DFDE000B512F3 /* Home.storyboard in Resources */,
			);
			runOnlyForDeploymentPostprocessing = 0;
		};
/* End PBXResourcesBuildPhase section */

/* Begin PBXSourcesBuildPhase section */
		CC5DBB4C2A3DFDE000B512F3 /* Sources */ = {
			isa = PBXSourcesBuildPhase;
			buildActionMask = 2147483647;
			files = (
				CC5DBB582A3DFDE000B512F3 /* HomeViewController.swift in Sources */,
				CC5DBB542A3DFDE000B512F3 /* AppDelegate.swift in Sources */,
				CC5DBB562A3DFDE000B512F3 /* SceneDelegate.swift in Sources */,
				CC5DBB702A3EDB1100B512F3 /* GenderViewController.swift in Sources */,
				CC007E6E2A3F00A7002B131F /* NavigtionLogic.swift in Sources */,
				CC5DBB6C2A3E04B500B512F3 /* CustomizeViewController.swift in Sources */,
				CC5DBB682A3E01B500B512F3 /* UIVariables.swift in Sources */,
				CC007E6A2A3EFC07002B131F /* MaleAvatarViewController.swift in Sources */,
				CC5DBB722A3EEC7B00B512F3 /* MaleNicknameViewController.swift in Sources */,
			);
			runOnlyForDeploymentPostprocessing = 0;
		};
/* End PBXSourcesBuildPhase section */

/* Begin PBXVariantGroup section */
		CC5DBB592A3DFDE000B512F3 /* Home.storyboard */ = {
			isa = PBXVariantGroup;
			children = (
				CC5DBB5A2A3DFDE000B512F3 /* Base */,
			);
			name = Home.storyboard;
			sourceTree = "<group>";
		};
		CC5DBB5E2A3DFDE100B512F3 /* LaunchScreen.storyboard */ = {
			isa = PBXVariantGroup;
			children = (
				CC5DBB5F2A3DFDE100B512F3 /* Base */,
			);
			name = LaunchScreen.storyboard;
			sourceTree = "<group>";
		};
/* End PBXVariantGroup section */

/* Begin XCBuildConfiguration section */
		CC5DBB622A3DFDE100B512F3 /* Debug */ = {
			isa = XCBuildConfiguration;
			buildSettings = {
				ALWAYS_SEARCH_USER_PATHS = NO;
				CLANG_ANALYZER_NONNULL = YES;
				CLANG_ANALYZER_NUMBER_OBJECT_CONVERSION = YES_AGGRESSIVE;
				CLANG_CXX_LANGUAGE_STANDARD = "gnu++20";
				CLANG_ENABLE_MODULES = YES;
				CLANG_ENABLE_OBJC_ARC = YES;
				CLANG_ENABLE_OBJC_WEAK = YES;
				CLANG_WARN_BLOCK_CAPTURE_AUTORELEASING = YES;
				CLANG_WARN_BOOL_CONVERSION = YES;
				CLANG_WARN_COMMA = YES;
				CLANG_WARN_CONSTANT_CONVERSION = YES;
				CLANG_WARN_DEPRECATED_OBJC_IMPLEMENTATIONS = YES;
				CLANG_WARN_DIRECT_OBJC_ISA_USAGE = YES_ERROR;
				CLANG_WARN_DOCUMENTATION_COMMENTS = YES;
				CLANG_WARN_EMPTY_BODY = YES;
				CLANG_WARN_ENUM_CONVERSION = YES;
				CLANG_WARN_INFINITE_RECURSION = YES;
				CLANG_WARN_INT_CONVERSION = YES;
				CLANG_WARN_NON_LITERAL_NULL_CONVERSION = YES;
				CLANG_WARN_OBJC_IMPLICIT_RETAIN_SELF = YES;
				CLANG_WARN_OBJC_LITERAL_CONVERSION = YES;
				CLANG_WARN_OBJC_ROOT_CLASS = YES_ERROR;
				CLANG_WARN_QUOTED_INCLUDE_IN_FRAMEWORK_HEADER = YES;
				CLANG_WARN_RANGE_LOOP_ANALYSIS = YES;
				CLANG_WARN_STRICT_PROTOTYPES = YES;
				CLANG_WARN_SUSPICIOUS_MOVE = YES;
				CLANG_WARN_UNGUARDED_AVAILABILITY = YES_AGGRESSIVE;
				CLANG_WARN_UNREACHABLE_CODE = YES;
				CLANG_WARN__DUPLICATE_METHOD_MATCH = YES;
				COPY_PHASE_STRIP = NO;
				DEBUG_INFORMATION_FORMAT = dwarf;
				ENABLE_STRICT_OBJC_MSGSEND = YES;
				ENABLE_TESTABILITY = YES;
				GCC_C_LANGUAGE_STANDARD = gnu11;
				GCC_DYNAMIC_NO_PIC = NO;
				GCC_NO_COMMON_BLOCKS = YES;
				GCC_OPTIMIZATION_LEVEL = 0;
				GCC_PREPROCESSOR_DEFINITIONS = (
					"DEBUG=1",
					"$(inherited)",
				);
				GCC_WARN_64_TO_32_BIT_CONVERSION = YES;
				GCC_WARN_ABOUT_RETURN_TYPE = YES_ERROR;
				GCC_WARN_UNDECLARED_SELECTOR = YES;
				GCC_WARN_UNINITIALIZED_AUTOS = YES_AGGRESSIVE;
				GCC_WARN_UNUSED_FUNCTION = YES;
				GCC_WARN_UNUSED_VARIABLE = YES;
				IPHONEOS_DEPLOYMENT_TARGET = 16.4;
				MTL_ENABLE_DEBUG_INFO = INCLUDE_SOURCE;
				MTL_FAST_MATH = YES;
				ONLY_ACTIVE_ARCH = YES;
				SDKROOT = iphoneos;
				SWIFT_ACTIVE_COMPILATION_CONDITIONS = DEBUG;
				SWIFT_OPTIMIZATION_LEVEL = "-Onone";
			};
			name = Debug;
		};
		CC5DBB632A3DFDE100B512F3 /* Release */ = {
			isa = XCBuildConfiguration;
			buildSettings = {
				ALWAYS_SEARCH_USER_PATHS = NO;
				CLANG_ANALYZER_NONNULL = YES;
				CLANG_ANALYZER_NUMBER_OBJECT_CONVERSION = YES_AGGRESSIVE;
				CLANG_CXX_LANGUAGE_STANDARD = "gnu++20";
				CLANG_ENABLE_MODULES = YES;
				CLANG_ENABLE_OBJC_ARC = YES;
				CLANG_ENABLE_OBJC_WEAK = YES;
				CLANG_WARN_BLOCK_CAPTURE_AUTORELEASING = YES;
				CLANG_WARN_BOOL_CONVERSION = YES;
				CLANG_WARN_COMMA = YES;
				CLANG_WARN_CONSTANT_CONVERSION = YES;
				CLANG_WARN_DEPRECATED_OBJC_IMPLEMENTATIONS = YES;
				CLANG_WARN_DIRECT_OBJC_ISA_USAGE = YES_ERROR;
				CLANG_WARN_DOCUMENTATION_COMMENTS = YES;
				CLANG_WARN_EMPTY_BODY = YES;
				CLANG_WARN_ENUM_CONVERSION = YES;
				CLANG_WARN_INFINITE_RECURSION = YES;
				CLANG_WARN_INT_CONVERSION = YES;
				CLANG_WARN_NON_LITERAL_NULL_CONVERSION = YES;
				CLANG_WARN_OBJC_IMPLICIT_RETAIN_SELF = YES;
				CLANG_WARN_OBJC_LITERAL_CONVERSION = YES;
				CLANG_WARN_OBJC_ROOT_CLASS = YES_ERROR;
				CLANG_WARN_QUOTED_INCLUDE_IN_FRAMEWORK_HEADER = YES;
				CLANG_WARN_RANGE_LOOP_ANALYSIS = YES;
				CLANG_WARN_STRICT_PROTOTYPES = YES;
				CLANG_WARN_SUSPICIOUS_MOVE = YES;
				CLANG_WARN_UNGUARDED_AVAILABILITY = YES_AGGRESSIVE;
				CLANG_WARN_UNREACHABLE_CODE = YES;
				CLANG_WARN__DUPLICATE_METHOD_MATCH = YES;
				COPY_PHASE_STRIP = NO;
				DEBUG_INFORMATION_FORMAT = "dwarf-with-dsym";
				ENABLE_NS_ASSERTIONS = NO;
				ENABLE_STRICT_OBJC_MSGSEND = YES;
				GCC_C_LANGUAGE_STANDARD = gnu11;
				GCC_NO_COMMON_BLOCKS = YES;
				GCC_WARN_64_TO_32_BIT_CONVERSION = YES;
				GCC_WARN_ABOUT_RETURN_TYPE = YES_ERROR;
				GCC_WARN_UNDECLARED_SELECTOR = YES;
				GCC_WARN_UNINITIALIZED_AUTOS = YES_AGGRESSIVE;
				GCC_WARN_UNUSED_FUNCTION = YES;
				GCC_WARN_UNUSED_VARIABLE = YES;
				IPHONEOS_DEPLOYMENT_TARGET = 16.4;
				MTL_ENABLE_DEBUG_INFO = NO;
				MTL_FAST_MATH = YES;
				SDKROOT = iphoneos;
				SWIFT_COMPILATION_MODE = wholemodule;
				SWIFT_OPTIMIZATION_LEVEL = "-O";
				VALIDATE_PRODUCT = YES;
			};
			name = Release;
		};
		CC5DBB652A3DFDE100B512F3 /* Debug */ = {
			isa = XCBuildConfiguration;
			buildSettings = {
				ASSETCATALOG_COMPILER_APPICON_NAME = AppIcon;
				ASSETCATALOG_COMPILER_GLOBAL_ACCENT_COLOR_NAME = AccentColor;
				CODE_SIGN_STYLE = Automatic;
				CURRENT_PROJECT_VERSION = 1;
				DEVELOPMENT_TEAM = 73Q6PTQ49X;
				GENERATE_INFOPLIST_FILE = YES;
				INFOPLIST_FILE = Nick_Tsaruk_Homework_7/Info.plist;
				INFOPLIST_KEY_UIApplicationSupportsIndirectInputEvents = YES;
				INFOPLIST_KEY_UILaunchStoryboardName = LaunchScreen;
				INFOPLIST_KEY_UIMainStoryboardFile = Home;
				INFOPLIST_KEY_UISupportedInterfaceOrientations_iPad = "UIInterfaceOrientationPortrait UIInterfaceOrientationPortraitUpsideDown UIInterfaceOrientationLandscapeLeft UIInterfaceOrientationLandscapeRight";
				INFOPLIST_KEY_UISupportedInterfaceOrientations_iPhone = "UIInterfaceOrientationPortrait UIInterfaceOrientationLandscapeLeft UIInterfaceOrientationLandscapeRight";
				LD_RUNPATH_SEARCH_PATHS = (
					"$(inherited)",
					"@executable_path/Frameworks",
				);
				MARKETING_VERSION = 1.0;
				PRODUCT_BUNDLE_IDENTIFIER = "test.Nick-Tsaruk-Homework-7";
				PRODUCT_NAME = "$(TARGET_NAME)";
				SWIFT_EMIT_LOC_STRINGS = YES;
				SWIFT_VERSION = 5.0;
				TARGETED_DEVICE_FAMILY = "1,2";
			};
			name = Debug;
		};
		CC5DBB662A3DFDE100B512F3 /* Release */ = {
			isa = XCBuildConfiguration;
			buildSettings = {
				ASSETCATALOG_COMPILER_APPICON_NAME = AppIcon;
				ASSETCATALOG_COMPILER_GLOBAL_ACCENT_COLOR_NAME = AccentColor;
				CODE_SIGN_STYLE = Automatic;
				CURRENT_PROJECT_VERSION = 1;
				DEVELOPMENT_TEAM = 73Q6PTQ49X;
				GENERATE_INFOPLIST_FILE = YES;
				INFOPLIST_FILE = Nick_Tsaruk_Homework_7/Info.plist;
				INFOPLIST_KEY_UIApplicationSupportsIndirectInputEvents = YES;
				INFOPLIST_KEY_UILaunchStoryboardName = LaunchScreen;
				INFOPLIST_KEY_UIMainStoryboardFile = Home;
				INFOPLIST_KEY_UISupportedInterfaceOrientations_iPad = "UIInterfaceOrientationPortrait UIInterfaceOrientationPortraitUpsideDown UIInterfaceOrientationLandscapeLeft UIInterfaceOrientationLandscapeRight";
				INFOPLIST_KEY_UISupportedInterfaceOrientations_iPhone = "UIInterfaceOrientationPortrait UIInterfaceOrientationLandscapeLeft UIInterfaceOrientationLandscapeRight";
				LD_RUNPATH_SEARCH_PATHS = (
					"$(inherited)",
					"@executable_path/Frameworks",
				);
				MARKETING_VERSION = 1.0;
				PRODUCT_BUNDLE_IDENTIFIER = "test.Nick-Tsaruk-Homework-7";
				PRODUCT_NAME = "$(TARGET_NAME)";
				SWIFT_EMIT_LOC_STRINGS = YES;
				SWIFT_VERSION = 5.0;
				TARGETED_DEVICE_FAMILY = "1,2";
			};
			name = Release;
		};
/* End XCBuildConfiguration section */

/* Begin XCConfigurationList section */
		CC5DBB4B2A3DFDE000B512F3 /* Build configuration list for PBXProject "Nick_Tsaruk_Homework_7" */ = {
			isa = XCConfigurationList;
			buildConfigurations = (
				CC5DBB622A3DFDE100B512F3 /* Debug */,
				CC5DBB632A3DFDE100B512F3 /* Release */,
			);
			defaultConfigurationIsVisible = 0;
			defaultConfigurationName = Release;
		};
		CC5DBB642A3DFDE100B512F3 /* Build configuration list for PBXNativeTarget "Nick_Tsaruk_Homework_7" */ = {
			isa = XCConfigurationList;
			buildConfigurations = (
				CC5DBB652A3DFDE100B512F3 /* Debug */,
				CC5DBB662A3DFDE100B512F3 /* Release */,
			);
			defaultConfigurationIsVisible = 0;
			defaultConfigurationName = Release;
		};
/* End XCConfigurationList section */
	};
	rootObject = CC5DBB482A3DFDE000B512F3 /* Project object */;
}
